
Microsoft Visual Studio Solution File, Format Version 12.00
# Visual Studio Version 16
VisualStudioVersion = 16.0.31019.35
MinimumVisualStudioVersion = 10.0.40219.1
Project("{FAE04EC0-301F-11D3-BF4B-00C04F79EFBC}") = "QLGiangVien", "QLGiangVien\QLGiangVien.csproj", "{09B59DE6-9847-44E9-ABCA-3EAFE9D6B28F}"
EndProject
Global
	GlobalSection(SolutionConfigurationPlatforms) = preSolution
		Debug|Any CPU = Debug|Any CPU
		Release|Any CPU = Release|Any CPU
	EndGlobalSection
	GlobalSection(ProjectConfigurationPlatforms) = postSolution
		{09B59DE6-9847-44E9-ABCA-3EAFE9D6B28F}.Debug|Any CPU.ActiveCfg = Debug|Any CPU
		{09B59DE6-9847-44E9-ABCA-3EAFE9D6B28F}.Debug|Any CPU.Build.0 = Debug|Any CPU
		{09B59DE6-9847-44E9-ABCA-3EAFE9D6B28F}.Release|Any CPU.ActiveCfg = Release|Any CPU
		{09B59DE6-9847-44E9-ABCA-3EAFE9D6B28F}.Release|Any CPU.Build.0 = Release|Any CPU
	EndGlobalSection
	GlobalSection(SolutionProperties) = preSolution
		HideSolutionNode = FALSE
	EndGlobalSection
	GlobalSection(ExtensibilityGlobals) = postSolution
		SolutionGuid = {B96D3626-E181-4746-BADF-56748A9D115E}
	EndGlobalSection
EndGlobal
